
Microsoft Visual Studio Solution File, Format Version 12.00
# Visual Studio Version 17
VisualStudioVersion = 17.4.33205.214
MinimumVisualStudioVersion = 10.0.40219.1
Project("{FAE04EC0-301F-11D3-BF4B-00C04F79EFBC}") = "Software Engineer Task MVC", "Software Engineer Task MVC\Software Engineer Task MVC.csproj", "{2B8A487A-5D2F-4202-B296-1B9EB55918C9}"
EndProject
Global
	GlobalSection(SolutionConfigurationPlatforms) = preSolution
		Debug|Any CPU = Debug|Any CPU
		Release|Any CPU = Release|Any CPU
	EndGlobalSection
	GlobalSection(ProjectConfigurationPlatforms) = postSolution
		{2B8A487A-5D2F-4202-B296-1B9EB55918C9}.Debug|Any CPU.ActiveCfg = Debug|Any CPU
		{2B8A487A-5D2F-4202-B296-1B9EB55918C9}.Debug|Any CPU.Build.0 = Debug|Any CPU
		{2B8A487A-5D2F-4202-B296-1B9EB55918C9}.Release|Any CPU.ActiveCfg = Release|Any CPU
		{2B8A487A-5D2F-4202-B296-1B9EB55918C9}.Release|Any CPU.Build.0 = Release|Any CPU
	EndGlobalSection
	GlobalSection(SolutionProperties) = preSolution
		HideSolutionNode = FALSE
	EndGlobalSection
	GlobalSection(ExtensibilityGlobals) = postSolution
		SolutionGuid = {2458B642-4651-410C-8DD8-90434008F870}
	EndGlobalSection
EndGlobal
